
Microsoft Visual Studio Solution File, Format Version 12.00
Project("{FAE04EC0-301F-11D3-BF4B-00C04F79EFBC}") = "Application", "Application\Application.csproj", "{EC66AB8C-4BF5-4F13-A6D8-C46E82DD42EB}"
EndProject
Global
	GlobalSection(SolutionConfigurationPlatforms) = preSolution
		Debug|Any CPU = Debug|Any CPU
		Release|Any CPU = Release|Any CPU
	EndGlobalSection
	GlobalSection(ProjectConfigurationPlatforms) = postSolution
		{EC66AB8C-4BF5-4F13-A6D8-C46E82DD42EB}.Debug|Any CPU.ActiveCfg = Debug|Any CPU
		{EC66AB8C-4BF5-4F13-A6D8-C46E82DD42EB}.Debug|Any CPU.Build.0 = Debug|Any CPU
		{EC66AB8C-4BF5-4F13-A6D8-C46E82DD42EB}.Release|Any CPU.ActiveCfg = Release|Any CPU
		{EC66AB8C-4BF5-4F13-A6D8-C46E82DD42EB}.Release|Any CPU.Build.0 = Release|Any CPU
	EndGlobalSection
EndGlobal
