
Microsoft Visual Studio Solution File, Format Version 12.00
Project("{FAE04EC0-301F-11D3-BF4B-00C04F79EFBC}") = "Application", "Application\Application.csproj", "{BD1BEE0D-D62E-4448-8BB1-6492F6B464F3}"
EndProject
Global
	GlobalSection(SolutionConfigurationPlatforms) = preSolution
		Debug|Any CPU = Debug|Any CPU
		Release|Any CPU = Release|Any CPU
	EndGlobalSection
	GlobalSection(ProjectConfigurationPlatforms) = postSolution
		{BD1BEE0D-D62E-4448-8BB1-6492F6B464F3}.Debug|Any CPU.ActiveCfg = Debug|Any CPU
		{BD1BEE0D-D62E-4448-8BB1-6492F6B464F3}.Debug|Any CPU.Build.0 = Debug|Any CPU
		{BD1BEE0D-D62E-4448-8BB1-6492F6B464F3}.Release|Any CPU.ActiveCfg = Release|Any CPU
		{BD1BEE0D-D62E-4448-8BB1-6492F6B464F3}.Release|Any CPU.Build.0 = Release|Any CPU
	EndGlobalSection
EndGlobal
